
Microsoft Visual Studio Solution File, Format Version 12.00
# Visual Studio 15
VisualStudioVersion = 15.0.28307.645
MinimumVisualStudioVersion = 10.0.40219.1
Project("{FAE04EC0-301F-11D3-BF4B-00C04F79EFBC}") = "ReportService", "ReportService\ReportService.csproj", "{F3C72CE9-78D3-4DB8-9EEE-3A14B0B7DDEA}"
EndProject
Global
	GlobalSection(SolutionConfigurationPlatforms) = preSolution
		Debug|Any CPU = Debug|Any CPU
		Release|Any CPU = Release|Any CPU
	EndGlobalSection
	GlobalSection(ProjectConfigurationPlatforms) = postSolution
		{F3C72CE9-78D3-4DB8-9EEE-3A14B0B7DDEA}.Debug|Any CPU.ActiveCfg = Debug|Any CPU
		{F3C72CE9-78D3-4DB8-9EEE-3A14B0B7DDEA}.Debug|Any CPU.Build.0 = Debug|Any CPU
		{F3C72CE9-78D3-4DB8-9EEE-3A14B0B7DDEA}.Release|Any CPU.ActiveCfg = Release|Any CPU
		{F3C72CE9-78D3-4DB8-9EEE-3A14B0B7DDEA}.Release|Any CPU.Build.0 = Release|Any CPU
	EndGlobalSection
	GlobalSection(SolutionProperties) = preSolution
		HideSolutionNode = FALSE
	EndGlobalSection
	GlobalSection(ExtensibilityGlobals) = postSolution
		SolutionGuid = {39E66950-3E38-4F24-BBF0-3D9B80E9D35C}
	EndGlobalSection
EndGlobal
